
Microsoft Visual Studio Solution File, Format Version 12.00
# Visual Studio Version 17
VisualStudioVersion = 17.5.33530.505
MinimumVisualStudioVersion = 10.0.40219.1
Project("{FAE04EC0-301F-11D3-BF4B-00C04F79EFBC}") = "Bintronic_Inspect", "Bintronic_Inspect.csproj", "{07575F28-BCE7-4096-88B2-699ED84522EC}"
EndProject
Global
	GlobalSection(SolutionConfigurationPlatforms) = preSolution
		Debug|Any CPU = Debug|Any CPU
		Release|Any CPU = Release|Any CPU
	EndGlobalSection
	GlobalSection(ProjectConfigurationPlatforms) = postSolution
		{07575F28-BCE7-4096-88B2-699ED84522EC}.Debug|Any CPU.ActiveCfg = Debug|Any CPU
		{07575F28-BCE7-4096-88B2-699ED84522EC}.Debug|Any CPU.Build.0 = Debug|Any CPU
		{07575F28-BCE7-4096-88B2-699ED84522EC}.Release|Any CPU.ActiveCfg = Release|Any CPU
		{07575F28-BCE7-4096-88B2-699ED84522EC}.Release|Any CPU.Build.0 = Release|Any CPU
	EndGlobalSection
	GlobalSection(SolutionProperties) = preSolution
		HideSolutionNode = FALSE
	EndGlobalSection
	GlobalSection(ExtensibilityGlobals) = postSolution
		SolutionGuid = {87B9D9A8-2449-40FD-BCA1-D664F421524C}
	EndGlobalSection
EndGlobal
